
Microsoft Visual Studio Solution File, Format Version 12.00
# Visual Studio Version 17
VisualStudioVersion = 17.0.31903.59
MinimumVisualStudioVersion = 10.0.40219.1
Project("{9A19103F-16F7-4668-BE54-9A1E7A4F7556}") = "TK001 Task.Run 與 Task.Factory.StartNew 差異(非同步委派)", "TK001 Task.Run 與 Task.Factory.StartNew 差異(非同步委派)\TK001 Task.Run 與 Task.Factory.StartNew 差異(非同步委派).csproj", "{8C645BAB-D847-4187-B8EB-9C316DBB151D}"
EndProject
Project("{9A19103F-16F7-4668-BE54-9A1E7A4F7556}") = "TK002 使用 TaskCompletionSource 類別 建立工作", "TK002 使用 TaskCompletionSource 類別 建立工作\TK002 使用 TaskCompletionSource 類別 建立工作.csproj", "{9933E095-B839-4458-9277-01A8590AD70B}"
EndProject
Project("{9A19103F-16F7-4668-BE54-9A1E7A4F7556}") = "TK003 各種非同步工作的建立與啟動方法", "TK003 各種非同步工作的建立與啟動方法\TK003 各種非同步工作的建立與啟動方法.csproj", "{7B61B93B-9848-4366-B91E-E09B449FD8A9}"
EndProject
Project("{9A19103F-16F7-4668-BE54-9A1E7A4F7556}") = "TK004 建立和起始有參數非同步工作", "TK004 建立和起始有參數非同步工作\TK004 建立和起始有參數非同步工作.csproj", "{30C40B2F-AB65-41A3-AA3B-E13770985A48}"
EndProject
Project("{9A19103F-16F7-4668-BE54-9A1E7A4F7556}") = "TK005 利用TAP工作建立大量並行工作練習", "TK005 利用TAP工作建立大量並行工作練習\TK005 利用TAP工作建立大量並行工作練習.csproj", "{4A68ADDE-4762-4D63-89B9-7A3CB60D6C75}"
EndProject
Project("{9A19103F-16F7-4668-BE54-9A1E7A4F7556}") = "TK006 等候非同步工作完成範例", "TK006 等候非同步工作完成範例\TK006 等候非同步工作完成範例.csproj", "{D3F09B06-C151-478C-86EC-8E943C8D6A65}"
EndProject
Project("{FAE04EC0-301F-11D3-BF4B-00C04F79EFBC}") = "TK007 Task.WaitAll，等待所有工作 Task 物件完成執行", "TK007 Task.WaitAll，等待所有工作 Task 物件完成執行\TK007 Task.WaitAll，等待所有工作 Task 物件完成執行.csproj", "{46AABACA-EB43-4678-B4B7-33A20061E6BD}"
EndProject
Project("{FAE04EC0-301F-11D3-BF4B-00C04F79EFBC}") = "TK008 Task.WaitAny，等候任一工作 Task 物件完成執行", "TK008 Task.WaitAny，等候任一工作 Task 物件完成執行\TK008 Task.WaitAny，等候任一工作 Task 物件完成執行.csproj", "{1632D3F9-F896-4514-A5DB-42894E23C4B4}"
EndProject
Project("{FAE04EC0-301F-11D3-BF4B-00C04F79EFBC}") = "TK009 Task.WhenAll，等候所有工作 Task 物件完成執行", "TK009 Task.WhenAll，等候所有工作 Task 物件完成執行\TK009 Task.WhenAll，等候所有工作 Task 物件完成執行.csproj", "{54EB5B76-2F4A-4AFA-9F61-E7B3FFB3DF4C}"
EndProject
Project("{FAE04EC0-301F-11D3-BF4B-00C04F79EFBC}") = "TK010 Task.WhenAny，等候任一工作 Task 物件完成執行", "TK010 Task.WhenAny，等候任一工作 Task 物件完成執行\TK010 Task.WhenAny，等候任一工作 Task 物件完成執行.csproj", "{EFB6AAF0-541A-4282-8C6D-B084FEFFAEFB}"
EndProject
Project("{FAE04EC0-301F-11D3-BF4B-00C04F79EFBC}") = "TK011 同時呼叫多個 WebAPI 並取得計算結果練習- WhenAll", "TK011 同時呼叫多個 WebAPI 並取得計算結果練習- WhenAll\TK011 同時呼叫多個 WebAPI 並取得計算結果練習- WhenAll.csproj", "{86AF0BEC-F3F3-4AB2-B2FB-08FB99E596DB}"
EndProject
Project("{FAE04EC0-301F-11D3-BF4B-00C04F79EFBC}") = "TK012 同時呼叫多個 WebAPI 並取得計算結果練習- WhenAny", "TK012 同時呼叫多個 WebAPI 並取得計算結果練習- WhenAny\TK012 同時呼叫多個 WebAPI 並取得計算結果練習- WhenAny.csproj", "{4E1CF75F-9455-4A18-9843-82E1D90ABB82}"
EndProject
Project("{FAE04EC0-301F-11D3-BF4B-00C04F79EFBC}") = "TK013 用 ContinueWith 接續不同工作狀態並執行相關處理", "TK013 用 ContinueWith 接續不同工作狀態並執行相關處理\TK013 用 ContinueWith 接續不同工作狀態並執行相關處理.csproj", "{381A83D0-7209-4D8F-AA82-A2336193EF8C}"
EndProject
Project("{FAE04EC0-301F-11D3-BF4B-00C04F79EFBC}") = "TK014 各種不同取得工作執行結果的用法", "TK014 各種不同取得工作執行結果的用法\TK014 各種不同取得工作執行結果的用法.csproj", "{254B78F5-F3E1-4EB8-B74A-B14F4BA92165}"
EndProject
Project("{FAE04EC0-301F-11D3-BF4B-00C04F79EFBC}") = "TK015 了解各種委派類型工作物件的狀態列舉值變化情形", "TK015 了解各種委派類型工作物件的狀態列舉值變化情形\TK015 了解各種委派類型工作物件的狀態列舉值變化情形.csproj", "{57401F4B-C0B4-4724-9011-32D68D9DCB86}"
EndProject
Project("{FAE04EC0-301F-11D3-BF4B-00C04F79EFBC}") = "TK016 了解各種承諾類型工作物件的狀態列舉值變化情形", "TK016 了解各種承諾類型工作物件的狀態列舉值變化情形\TK016 了解各種承諾類型工作物件的狀態列舉值變化情形.csproj", "{47C44201-CF95-4EF7-8F88-FF87467C250F}"
EndProject
Project("{FAE04EC0-301F-11D3-BF4B-00C04F79EFBC}") = "TK017 隨堂測驗：檢查要求失敗的工作", "TK017 隨堂測驗：檢查要求失敗的工作\TK017 隨堂測驗：檢查要求失敗的工作.csproj", "{F2797026-3C19-4740-BE18-1BBCDA43D1BD}"
EndProject
Project("{FAE04EC0-301F-11D3-BF4B-00C04F79EFBC}") = "TK018 CancellationTokenSource 與 CancellationToken 的設計練習", "TK018 CancellationTokenSource 與 CancellationToken 的設計練習\TK018 CancellationTokenSource 與 CancellationToken 的設計練習.csproj", "{C3D99A29-25DB-4F9C-8B98-2D480EBFCEEC}"
EndProject
Project("{FAE04EC0-301F-11D3-BF4B-00C04F79EFBC}") = "TK019 使用 CancellationTokenSource 取消 HttpClient 網路存取練習", "TK019 使用 CancellationTokenSource 取消 HttpClient 網路\TK019 使用 CancellationTokenSource 取消 HttpClient 網路存取練習.csproj", "{3A787A38-3F17-46C5-970A-A0AAB98A8A61}"
EndProject
Project("{FAE04EC0-301F-11D3-BF4B-00C04F79EFBC}") = "TK020 CreateLinkedTokenSource 來組合兩個 CancellationToken", "TK020 CreateLinkedTokenSource 來組合兩個 CancellationToken\TK020 CreateLinkedTokenSource 來組合兩個 CancellationToken.csproj", "{5D462C8C-16AA-479C-B616-8C38EEEF5279}"
EndProject
Project("{FAE04EC0-301F-11D3-BF4B-00C04F79EFBC}") = "TK021 Console用HttpClient從下載大檔案，並更新下載進度", "TK021 Console用HttpClient從下載大檔案，並更新下載進度\TK021 Console用HttpClient從下載大檔案，並更新下載進度.csproj", "{C58F60BD-CDD9-4039-8584-7324A970D79B}"
EndProject
Project("{FAE04EC0-301F-11D3-BF4B-00C04F79EFBC}") = "TK022 WPF用HttpClient從下載大檔案，並更新下載進度", "TK022 WPF用HttpClient從下載大檔案，並更新下載進度\TK022 WPF用HttpClient從下載大檔案，並更新下載進度.csproj", "{E46D1C54-2B5F-4073-9F70-19667A5B1BAE}"
EndProject
Project("{FAE04EC0-301F-11D3-BF4B-00C04F79EFBC}") = "TK023 當所有等候工作都執行結束後，可以檢查是否有執行失敗的工作", "TK023 當所有等候工作都執行結束後，可以檢查是否有執行失敗的工作\TK023 當所有等候工作都執行結束後，可以檢查是否有執行失敗的工作.csproj", "{E9B4B58E-BC61-4DD6-90F0-6B076ED5435E}"
EndProject
Global
	GlobalSection(SolutionConfigurationPlatforms) = preSolution
		Debug|Any CPU = Debug|Any CPU
		Release|Any CPU = Release|Any CPU
	EndGlobalSection
	GlobalSection(ProjectConfigurationPlatforms) = postSolution
		{8C645BAB-D847-4187-B8EB-9C316DBB151D}.Debug|Any CPU.ActiveCfg = Debug|Any CPU
		{8C645BAB-D847-4187-B8EB-9C316DBB151D}.Debug|Any CPU.Build.0 = Debug|Any CPU
		{8C645BAB-D847-4187-B8EB-9C316DBB151D}.Release|Any CPU.ActiveCfg = Release|Any CPU
		{8C645BAB-D847-4187-B8EB-9C316DBB151D}.Release|Any CPU.Build.0 = Release|Any CPU
		{9933E095-B839-4458-9277-01A8590AD70B}.Debug|Any CPU.ActiveCfg = Debug|Any CPU
		{9933E095-B839-4458-9277-01A8590AD70B}.Debug|Any CPU.Build.0 = Debug|Any CPU
		{9933E095-B839-4458-9277-01A8590AD70B}.Release|Any CPU.ActiveCfg = Release|Any CPU
		{9933E095-B839-4458-9277-01A8590AD70B}.Release|Any CPU.Build.0 = Release|Any CPU
		{7B61B93B-9848-4366-B91E-E09B449FD8A9}.Debug|Any CPU.ActiveCfg = Debug|Any CPU
		{7B61B93B-9848-4366-B91E-E09B449FD8A9}.Debug|Any CPU.Build.0 = Debug|Any CPU
		{7B61B93B-9848-4366-B91E-E09B449FD8A9}.Release|Any CPU.ActiveCfg = Release|Any CPU
		{7B61B93B-9848-4366-B91E-E09B449FD8A9}.Release|Any CPU.Build.0 = Release|Any CPU
		{30C40B2F-AB65-41A3-AA3B-E13770985A48}.Debug|Any CPU.ActiveCfg = Debug|Any CPU
		{30C40B2F-AB65-41A3-AA3B-E13770985A48}.Debug|Any CPU.Build.0 = Debug|Any CPU
		{30C40B2F-AB65-41A3-AA3B-E13770985A48}.Release|Any CPU.ActiveCfg = Release|Any CPU
		{30C40B2F-AB65-41A3-AA3B-E13770985A48}.Release|Any CPU.Build.0 = Release|Any CPU
		{4A68ADDE-4762-4D63-89B9-7A3CB60D6C75}.Debug|Any CPU.ActiveCfg = Debug|Any CPU
		{4A68ADDE-4762-4D63-89B9-7A3CB60D6C75}.Debug|Any CPU.Build.0 = Debug|Any CPU
		{4A68ADDE-4762-4D63-89B9-7A3CB60D6C75}.Release|Any CPU.ActiveCfg = Release|Any CPU
		{4A68ADDE-4762-4D63-89B9-7A3CB60D6C75}.Release|Any CPU.Build.0 = Release|Any CPU
		{D3F09B06-C151-478C-86EC-8E943C8D6A65}.Debug|Any CPU.ActiveCfg = Debug|Any CPU
		{D3F09B06-C151-478C-86EC-8E943C8D6A65}.Debug|Any CPU.Build.0 = Debug|Any CPU
		{D3F09B06-C151-478C-86EC-8E943C8D6A65}.Release|Any CPU.ActiveCfg = Release|Any CPU
		{D3F09B06-C151-478C-86EC-8E943C8D6A65}.Release|Any CPU.Build.0 = Release|Any CPU
		{46AABACA-EB43-4678-B4B7-33A20061E6BD}.Debug|Any CPU.ActiveCfg = Debug|Any CPU
		{46AABACA-EB43-4678-B4B7-33A20061E6BD}.Debug|Any CPU.Build.0 = Debug|Any CPU
		{46AABACA-EB43-4678-B4B7-33A20061E6BD}.Release|Any CPU.ActiveCfg = Release|Any CPU
		{46AABACA-EB43-4678-B4B7-33A20061E6BD}.Release|Any CPU.Build.0 = Release|Any CPU
		{1632D3F9-F896-4514-A5DB-42894E23C4B4}.Debug|Any CPU.ActiveCfg = Debug|Any CPU
		{1632D3F9-F896-4514-A5DB-42894E23C4B4}.Debug|Any CPU.Build.0 = Debug|Any CPU
		{1632D3F9-F896-4514-A5DB-42894E23C4B4}.Release|Any CPU.ActiveCfg = Release|Any CPU
		{1632D3F9-F896-4514-A5DB-42894E23C4B4}.Release|Any CPU.Build.0 = Release|Any CPU
		{54EB5B76-2F4A-4AFA-9F61-E7B3FFB3DF4C}.Debug|Any CPU.ActiveCfg = Debug|Any CPU
		{54EB5B76-2F4A-4AFA-9F61-E7B3FFB3DF4C}.Debug|Any CPU.Build.0 = Debug|Any CPU
		{54EB5B76-2F4A-4AFA-9F61-E7B3FFB3DF4C}.Release|Any CPU.ActiveCfg = Release|Any CPU
		{54EB5B76-2F4A-4AFA-9F61-E7B3FFB3DF4C}.Release|Any CPU.Build.0 = Release|Any CPU
		{EFB6AAF0-541A-4282-8C6D-B084FEFFAEFB}.Debug|Any CPU.ActiveCfg = Debug|Any CPU
		{EFB6AAF0-541A-4282-8C6D-B084FEFFAEFB}.Debug|Any CPU.Build.0 = Debug|Any CPU
		{EFB6AAF0-541A-4282-8C6D-B084FEFFAEFB}.Release|Any CPU.ActiveCfg = Release|Any CPU
		{EFB6AAF0-541A-4282-8C6D-B084FEFFAEFB}.Release|Any CPU.Build.0 = Release|Any CPU
		{86AF0BEC-F3F3-4AB2-B2FB-08FB99E596DB}.Debug|Any CPU.ActiveCfg = Debug|Any CPU
		{86AF0BEC-F3F3-4AB2-B2FB-08FB99E596DB}.Debug|Any CPU.Build.0 = Debug|Any CPU
		{86AF0BEC-F3F3-4AB2-B2FB-08FB99E596DB}.Release|Any CPU.ActiveCfg = Release|Any CPU
		{86AF0BEC-F3F3-4AB2-B2FB-08FB99E596DB}.Release|Any CPU.Build.0 = Release|Any CPU
		{4E1CF75F-9455-4A18-9843-82E1D90ABB82}.Debug|Any CPU.ActiveCfg = Debug|Any CPU
		{4E1CF75F-9455-4A18-9843-82E1D90ABB82}.Debug|Any CPU.Build.0 = Debug|Any CPU
		{4E1CF75F-9455-4A18-9843-82E1D90ABB82}.Release|Any CPU.ActiveCfg = Release|Any CPU
		{4E1CF75F-9455-4A18-9843-82E1D90ABB82}.Release|Any CPU.Build.0 = Release|Any CPU
		{381A83D0-7209-4D8F-AA82-A2336193EF8C}.Debug|Any CPU.ActiveCfg = Debug|Any CPU
		{381A83D0-7209-4D8F-AA82-A2336193EF8C}.Debug|Any CPU.Build.0 = Debug|Any CPU
		{381A83D0-7209-4D8F-AA82-A2336193EF8C}.Release|Any CPU.ActiveCfg = Release|Any CPU
		{381A83D0-7209-4D8F-AA82-A2336193EF8C}.Release|Any CPU.Build.0 = Release|Any CPU
		{254B78F5-F3E1-4EB8-B74A-B14F4BA92165}.Debug|Any CPU.ActiveCfg = Debug|Any CPU
		{254B78F5-F3E1-4EB8-B74A-B14F4BA92165}.Debug|Any CPU.Build.0 = Debug|Any CPU
		{254B78F5-F3E1-4EB8-B74A-B14F4BA92165}.Release|Any CPU.ActiveCfg = Release|Any CPU
		{254B78F5-F3E1-4EB8-B74A-B14F4BA92165}.Release|Any CPU.Build.0 = Release|Any CPU
		{57401F4B-C0B4-4724-9011-32D68D9DCB86}.Debug|Any CPU.ActiveCfg = Debug|Any CPU
		{57401F4B-C0B4-4724-9011-32D68D9DCB86}.Debug|Any CPU.Build.0 = Debug|Any CPU
		{57401F4B-C0B4-4724-9011-32D68D9DCB86}.Release|Any CPU.ActiveCfg = Release|Any CPU
		{57401F4B-C0B4-4724-9011-32D68D9DCB86}.Release|Any CPU.Build.0 = Release|Any CPU
		{47C44201-CF95-4EF7-8F88-FF87467C250F}.Debug|Any CPU.ActiveCfg = Debug|Any CPU
		{47C44201-CF95-4EF7-8F88-FF87467C250F}.Debug|Any CPU.Build.0 = Debug|Any CPU
		{47C44201-CF95-4EF7-8F88-FF87467C250F}.Release|Any CPU.ActiveCfg = Release|Any CPU
		{47C44201-CF95-4EF7-8F88-FF87467C250F}.Release|Any CPU.Build.0 = Release|Any CPU
		{F2797026-3C19-4740-BE18-1BBCDA43D1BD}.Debug|Any CPU.ActiveCfg = Debug|Any CPU
		{F2797026-3C19-4740-BE18-1BBCDA43D1BD}.Debug|Any CPU.Build.0 = Debug|Any CPU
		{F2797026-3C19-4740-BE18-1BBCDA43D1BD}.Release|Any CPU.ActiveCfg = Release|Any CPU
		{F2797026-3C19-4740-BE18-1BBCDA43D1BD}.Release|Any CPU.Build.0 = Release|Any CPU
		{C3D99A29-25DB-4F9C-8B98-2D480EBFCEEC}.Debug|Any CPU.ActiveCfg = Debug|Any CPU
		{C3D99A29-25DB-4F9C-8B98-2D480EBFCEEC}.Debug|Any CPU.Build.0 = Debug|Any CPU
		{C3D99A29-25DB-4F9C-8B98-2D480EBFCEEC}.Release|Any CPU.ActiveCfg = Release|Any CPU
		{C3D99A29-25DB-4F9C-8B98-2D480EBFCEEC}.Release|Any CPU.Build.0 = Release|Any CPU
		{3A787A38-3F17-46C5-970A-A0AAB98A8A61}.Debug|Any CPU.ActiveCfg = Debug|Any CPU
		{3A787A38-3F17-46C5-970A-A0AAB98A8A61}.Debug|Any CPU.Build.0 = Debug|Any CPU
		{3A787A38-3F17-46C5-970A-A0AAB98A8A61}.Release|Any CPU.ActiveCfg = Release|Any CPU
		{3A787A38-3F17-46C5-970A-A0AAB98A8A61}.Release|Any CPU.Build.0 = Release|Any CPU
		{5D462C8C-16AA-479C-B616-8C38EEEF5279}.Debug|Any CPU.ActiveCfg = Debug|Any CPU
		{5D462C8C-16AA-479C-B616-8C38EEEF5279}.Debug|Any CPU.Build.0 = Debug|Any CPU
		{5D462C8C-16AA-479C-B616-8C38EEEF5279}.Release|Any CPU.ActiveCfg = Release|Any CPU
		{5D462C8C-16AA-479C-B616-8C38EEEF5279}.Release|Any CPU.Build.0 = Release|Any CPU
		{C58F60BD-CDD9-4039-8584-7324A970D79B}.Debug|Any CPU.ActiveCfg = Debug|Any CPU
		{C58F60BD-CDD9-4039-8584-7324A970D79B}.Debug|Any CPU.Build.0 = Debug|Any CPU
		{C58F60BD-CDD9-4039-8584-7324A970D79B}.Release|Any CPU.ActiveCfg = Release|Any CPU
		{C58F60BD-CDD9-4039-8584-7324A970D79B}.Release|Any CPU.Build.0 = Release|Any CPU
		{E46D1C54-2B5F-4073-9F70-19667A5B1BAE}.Debug|Any CPU.ActiveCfg = Debug|Any CPU
		{E46D1C54-2B5F-4073-9F70-19667A5B1BAE}.Debug|Any CPU.Build.0 = Debug|Any CPU
		{E46D1C54-2B5F-4073-9F70-19667A5B1BAE}.Release|Any CPU.ActiveCfg = Release|Any CPU
		{E46D1C54-2B5F-4073-9F70-19667A5B1BAE}.Release|Any CPU.Build.0 = Release|Any CPU
		{E9B4B58E-BC61-4DD6-90F0-6B076ED5435E}.Debug|Any CPU.ActiveCfg = Debug|Any CPU
		{E9B4B58E-BC61-4DD6-90F0-6B076ED5435E}.Debug|Any CPU.Build.0 = Debug|Any CPU
		{E9B4B58E-BC61-4DD6-90F0-6B076ED5435E}.Release|Any CPU.ActiveCfg = Release|Any CPU
		{E9B4B58E-BC61-4DD6-90F0-6B076ED5435E}.Release|Any CPU.Build.0 = Release|Any CPU
	EndGlobalSection
	GlobalSection(SolutionProperties) = preSolution
		HideSolutionNode = FALSE
	EndGlobalSection
	GlobalSection(ExtensibilityGlobals) = postSolution
		SolutionGuid = {896A2943-2643-4CBE-9E31-1911CFA99A92}
	EndGlobalSection
EndGlobal
