
Microsoft Visual Studio Solution File, Format Version 12.00
# Visual Studio Version 17
VisualStudioVersion = 17.0.31903.59
MinimumVisualStudioVersion = 10.0.40219.1
Project("{FAE04EC0-301F-11D3-BF4B-00C04F79EFBC}") = "TK001 Task.Run 與 Task.Factory.StartNew 差異(非同步委派)", "TK001 Task.Run 與 Task.Factory.StartNew 差異(非同步委派)\TK001 Task.Run 與 Task.Factory.StartNew 差異(非同步委派).csproj", "{8C645BAB-D847-4187-B8EB-9C316DBB151D}"
EndProject
Project("{FAE04EC0-301F-11D3-BF4B-00C04F79EFBC}") = "TK002 使用 TaskCompletionSource 類別 建立工作", "TK002 使用 TaskCompletionSource 類別 建立工作\TK002 使用 TaskCompletionSource 類別 建立工作.csproj", "{9933E095-B839-4458-9277-01A8590AD70B}"
EndProject
Project("{FAE04EC0-301F-11D3-BF4B-00C04F79EFBC}") = "TK003 各種非同步工作的建立與啟動方法", "TK003 各種非同步工作的建立與啟動方法\TK003 各種非同步工作的建立與啟動方法.csproj", "{7B61B93B-9848-4366-B91E-E09B449FD8A9}"
EndProject
Project("{FAE04EC0-301F-11D3-BF4B-00C04F79EFBC}") = "TK004 建立和起始有參數非同步工作", "TK004 建立和起始有參數非同步工作\TK004 建立和起始有參數非同步工作.csproj", "{30C40B2F-AB65-41A3-AA3B-E13770985A48}"
EndProject
Project("{FAE04EC0-301F-11D3-BF4B-00C04F79EFBC}") = "TK005 利用TAP工作建立大量並行工作練習", "TK005 利用TAP工作建立大量並行工作練習\TK005 利用TAP工作建立大量並行工作練習.csproj", "{4A68ADDE-4762-4D63-89B9-7A3CB60D6C75}"
EndProject
Project("{FAE04EC0-301F-11D3-BF4B-00C04F79EFBC}") = "TK006 等候非同步工作完成範例", "TK006 等候非同步工作完成範例\TK006 等候非同步工作完成範例.csproj", "{D3F09B06-C151-478C-86EC-8E943C8D6A65}"
EndProject
Global
	GlobalSection(SolutionConfigurationPlatforms) = preSolution
		Debug|Any CPU = Debug|Any CPU
		Release|Any CPU = Release|Any CPU
	EndGlobalSection
	GlobalSection(ProjectConfigurationPlatforms) = postSolution
		{8C645BAB-D847-4187-B8EB-9C316DBB151D}.Debug|Any CPU.ActiveCfg = Debug|Any CPU
		{8C645BAB-D847-4187-B8EB-9C316DBB151D}.Debug|Any CPU.Build.0 = Debug|Any CPU
		{8C645BAB-D847-4187-B8EB-9C316DBB151D}.Release|Any CPU.ActiveCfg = Release|Any CPU
		{8C645BAB-D847-4187-B8EB-9C316DBB151D}.Release|Any CPU.Build.0 = Release|Any CPU
		{9933E095-B839-4458-9277-01A8590AD70B}.Debug|Any CPU.ActiveCfg = Debug|Any CPU
		{9933E095-B839-4458-9277-01A8590AD70B}.Debug|Any CPU.Build.0 = Debug|Any CPU
		{9933E095-B839-4458-9277-01A8590AD70B}.Release|Any CPU.ActiveCfg = Release|Any CPU
		{9933E095-B839-4458-9277-01A8590AD70B}.Release|Any CPU.Build.0 = Release|Any CPU
		{7B61B93B-9848-4366-B91E-E09B449FD8A9}.Debug|Any CPU.ActiveCfg = Debug|Any CPU
		{7B61B93B-9848-4366-B91E-E09B449FD8A9}.Debug|Any CPU.Build.0 = Debug|Any CPU
		{7B61B93B-9848-4366-B91E-E09B449FD8A9}.Release|Any CPU.ActiveCfg = Release|Any CPU
		{7B61B93B-9848-4366-B91E-E09B449FD8A9}.Release|Any CPU.Build.0 = Release|Any CPU
		{30C40B2F-AB65-41A3-AA3B-E13770985A48}.Debug|Any CPU.ActiveCfg = Debug|Any CPU
		{30C40B2F-AB65-41A3-AA3B-E13770985A48}.Debug|Any CPU.Build.0 = Debug|Any CPU
		{30C40B2F-AB65-41A3-AA3B-E13770985A48}.Release|Any CPU.ActiveCfg = Release|Any CPU
		{30C40B2F-AB65-41A3-AA3B-E13770985A48}.Release|Any CPU.Build.0 = Release|Any CPU
		{4A68ADDE-4762-4D63-89B9-7A3CB60D6C75}.Debug|Any CPU.ActiveCfg = Debug|Any CPU
		{4A68ADDE-4762-4D63-89B9-7A3CB60D6C75}.Debug|Any CPU.Build.0 = Debug|Any CPU
		{4A68ADDE-4762-4D63-89B9-7A3CB60D6C75}.Release|Any CPU.ActiveCfg = Release|Any CPU
		{4A68ADDE-4762-4D63-89B9-7A3CB60D6C75}.Release|Any CPU.Build.0 = Release|Any CPU
		{D3F09B06-C151-478C-86EC-8E943C8D6A65}.Debug|Any CPU.ActiveCfg = Debug|Any CPU
		{D3F09B06-C151-478C-86EC-8E943C8D6A65}.Debug|Any CPU.Build.0 = Debug|Any CPU
		{D3F09B06-C151-478C-86EC-8E943C8D6A65}.Release|Any CPU.ActiveCfg = Release|Any CPU
		{D3F09B06-C151-478C-86EC-8E943C8D6A65}.Release|Any CPU.Build.0 = Release|Any CPU
	EndGlobalSection
	GlobalSection(SolutionProperties) = preSolution
		HideSolutionNode = FALSE
	EndGlobalSection
	GlobalSection(ExtensibilityGlobals) = postSolution
		SolutionGuid = {896A2943-2643-4CBE-9E31-1911CFA99A92}
	EndGlobalSection
EndGlobal
